
Microsoft Visual Studio Solution File, Format Version 12.00
# Visual Studio Version 17
VisualStudioVersion = 17.0.31903.59
MinimumVisualStudioVersion = 10.0.40219.1
Project("{FAE04EC0-301F-11D3-BF4B-00C04F79EFBC}") = "Shared", "Shared\Shared.csproj", "{46A83F24-4BB1-4A42-BDCA-946351C25B26}"
EndProject
Project("{FAE04EC0-301F-11D3-BF4B-00C04F79EFBC}") = "LocketServer", "LocketServer\LocketServer.csproj", "{C925A0F8-5DB1-4F96-85F2-57C706049AAB}"
EndProject
Project("{FAE04EC0-301F-11D3-BF4B-00C04F79EFBC}") = "LocketClient", "LocketClient\LocketClient.csproj", "{C92B2761-78A5-436A-9DA1-D76F7AEB1305}"
EndProject
Global
	GlobalSection(SolutionConfigurationPlatforms) = preSolution
		Debug|Any CPU = Debug|Any CPU
		Debug|x64 = Debug|x64
		Debug|x86 = Debug|x86
		Release|Any CPU = Release|Any CPU
		Release|x64 = Release|x64
		Release|x86 = Release|x86
	EndGlobalSection
	GlobalSection(ProjectConfigurationPlatforms) = postSolution
		{46A83F24-4BB1-4A42-BDCA-946351C25B26}.Debug|Any CPU.ActiveCfg = Debug|Any CPU
		{46A83F24-4BB1-4A42-BDCA-946351C25B26}.Debug|Any CPU.Build.0 = Debug|Any CPU
		{46A83F24-4BB1-4A42-BDCA-946351C25B26}.Debug|x64.ActiveCfg = Debug|Any CPU
		{46A83F24-4BB1-4A42-BDCA-946351C25B26}.Debug|x64.Build.0 = Debug|Any CPU
		{46A83F24-4BB1-4A42-BDCA-946351C25B26}.Debug|x86.ActiveCfg = Debug|Any CPU
		{46A83F24-4BB1-4A42-BDCA-946351C25B26}.Debug|x86.Build.0 = Debug|Any CPU
		{46A83F24-4BB1-4A42-BDCA-946351C25B26}.Release|Any CPU.ActiveCfg = Release|Any CPU
		{46A83F24-4BB1-4A42-BDCA-946351C25B26}.Release|Any CPU.Build.0 = Release|Any CPU
		{46A83F24-4BB1-4A42-BDCA-946351C25B26}.Release|x64.ActiveCfg = Release|Any CPU
		{46A83F24-4BB1-4A42-BDCA-946351C25B26}.Release|x64.Build.0 = Release|Any CPU
		{46A83F24-4BB1-4A42-BDCA-946351C25B26}.Release|x86.ActiveCfg = Release|Any CPU
		{46A83F24-4BB1-4A42-BDCA-946351C25B26}.Release|x86.Build.0 = Release|Any CPU
		{C925A0F8-5DB1-4F96-85F2-57C706049AAB}.Debug|Any CPU.ActiveCfg = Debug|Any CPU
		{C925A0F8-5DB1-4F96-85F2-57C706049AAB}.Debug|Any CPU.Build.0 = Debug|Any CPU
		{C925A0F8-5DB1-4F96-85F2-57C706049AAB}.Debug|x64.ActiveCfg = Debug|Any CPU
		{C925A0F8-5DB1-4F96-85F2-57C706049AAB}.Debug|x64.Build.0 = Debug|Any CPU
		{C925A0F8-5DB1-4F96-85F2-57C706049AAB}.Debug|x86.ActiveCfg = Debug|Any CPU
		{C925A0F8-5DB1-4F96-85F2-57C706049AAB}.Debug|x86.Build.0 = Debug|Any CPU
		{C925A0F8-5DB1-4F96-85F2-57C706049AAB}.Release|Any CPU.ActiveCfg = Release|Any CPU
		{C925A0F8-5DB1-4F96-85F2-57C706049AAB}.Release|Any CPU.Build.0 = Release|Any CPU
		{C925A0F8-5DB1-4F96-85F2-57C706049AAB}.Release|x64.ActiveCfg = Release|Any CPU
		{C925A0F8-5DB1-4F96-85F2-57C706049AAB}.Release|x64.Build.0 = Release|Any CPU
		{C925A0F8-5DB1-4F96-85F2-57C706049AAB}.Release|x86.ActiveCfg = Release|Any CPU
		{C925A0F8-5DB1-4F96-85F2-57C706049AAB}.Release|x86.Build.0 = Release|Any CPU
		{C92B2761-78A5-436A-9DA1-D76F7AEB1305}.Debug|Any CPU.ActiveCfg = Debug|Any CPU
		{C92B2761-78A5-436A-9DA1-D76F7AEB1305}.Debug|Any CPU.Build.0 = Debug|Any CPU
		{C92B2761-78A5-436A-9DA1-D76F7AEB1305}.Debug|x64.ActiveCfg = Debug|Any CPU
		{C92B2761-78A5-436A-9DA1-D76F7AEB1305}.Debug|x64.Build.0 = Debug|Any CPU
		{C92B2761-78A5-436A-9DA1-D76F7AEB1305}.Debug|x86.ActiveCfg = Debug|Any CPU
		{C92B2761-78A5-436A-9DA1-D76F7AEB1305}.Debug|x86.Build.0 = Debug|Any CPU
		{C92B2761-78A5-436A-9DA1-D76F7AEB1305}.Release|Any CPU.ActiveCfg = Release|Any CPU
		{C92B2761-78A5-436A-9DA1-D76F7AEB1305}.Release|Any CPU.Build.0 = Release|Any CPU
		{C92B2761-78A5-436A-9DA1-D76F7AEB1305}.Release|x64.ActiveCfg = Release|Any CPU
		{C92B2761-78A5-436A-9DA1-D76F7AEB1305}.Release|x64.Build.0 = Release|Any CPU
		{C92B2761-78A5-436A-9DA1-D76F7AEB1305}.Release|x86.ActiveCfg = Release|Any CPU
		{C92B2761-78A5-436A-9DA1-D76F7AEB1305}.Release|x86.Build.0 = Release|Any CPU
	EndGlobalSection
	GlobalSection(SolutionProperties) = preSolution
		HideSolutionNode = FALSE
	EndGlobalSection
EndGlobal
